
Microsoft Visual Studio Solution File, Format Version 12.00
# Visual Studio 2012
Project("{FAE04EC0-301F-11D3-BF4B-00C04F79EFBC}") = "TestCaseManager", "TestCaseManager\TestCaseManager.csproj", "{E842718A-6C49-482A-9131-630A62CD9616}"
EndProject
Project("{2150E333-8FDC-42A3-9474-1A3956D46DE8}") = ".nuget", ".nuget", "{18542244-B7B0-4218-80E9-326D2FCA407E}"
	ProjectSection(SolutionItems) = preProject
		.nuget\NuGet.Config = .nuget\NuGet.Config
		.nuget\NuGet.exe = .nuget\NuGet.exe
		.nuget\NuGet.targets = .nuget\NuGet.targets
	EndProjectSection
EndProject
Project("{FAE04EC0-301F-11D3-BF4B-00C04F79EFBC}") = "TestCaseManagerCore", "TestCaseManagerCore\TestCaseManagerCore.csproj", "{D5457A68-337D-4D6B-8AD0-B335B9B996DB}"
EndProject
Project("{2150E333-8FDC-42A3-9474-1A3956D46DE8}") = "ReferenceAssemblies", "ReferenceAssemblies", "{2D959D74-A087-49EF-BD9B-55D547CD8033}"
	ProjectSection(SolutionItems) = preProject
		ReferenceAssemblies\De.TorstenMandelkow.MetroChart.dll = ReferenceAssemblies\De.TorstenMandelkow.MetroChart.dll
	EndProjectSection
EndProject
Project("{2150E333-8FDC-42A3-9474-1A3956D46DE8}") = "Fidely", "Fidely", "{D1DBA2F4-FA67-4F78-8C2E-9B499EC47EFF}"
EndProject
Project("{FAE04EC0-301F-11D3-BF4B-00C04F79EFBC}") = "AAngelov.Utilities", "..\AAngelov.Utilities\AAngelov.Utilities\AAngelov.Utilities.csproj", "{6649BE16-8E52-47CE-A870-6B2C9DE35BD8}"
EndProject
Project("{FAE04EC0-301F-11D3-BF4B-00C04F79EFBC}") = "AAngelov.Utilities.UI", "..\AAngelov.Utilities\AAngelov.Utilities.UI\AAngelov.Utilities.UI.csproj", "{C547F875-DB0A-41B6-8C42-10FBC1EDF711}"
EndProject
Project("{FAE04EC0-301F-11D3-BF4B-00C04F79EFBC}") = "Compilation.Entities", "..\Fidely\src\Compilation.Entities\Compilation.Entities.csproj", "{73E782D7-5669-46D0-8612-9CC745702941}"
EndProject
Project("{FAE04EC0-301F-11D3-BF4B-00C04F79EFBC}") = "Compilation.Objects", "..\Fidely\src\Compilation.Objects\Compilation.Objects.csproj", "{85E86CA6-C0B1-4EF9-885A-6232B3E5717C}"
EndProject
Project("{FAE04EC0-301F-11D3-BF4B-00C04F79EFBC}") = "Core", "..\Fidely\src\Core\Core.csproj", "{0EE48C01-A8F7-46CE-8E51-50DE88E88180}"
EndProject
Project("{FAE04EC0-301F-11D3-BF4B-00C04F79EFBC}") = "Integration.WPF", "..\Fidely\src\Integration.WPF\Integration.WPF.csproj", "{3D15A6ED-060E-4077-9CAB-2A54A714A790}"
EndProject
Global
	GlobalSection(SolutionConfigurationPlatforms) = preSolution
		Debug|Any CPU = Debug|Any CPU
		Release|Any CPU = Release|Any CPU
		VisualStudio_2012|Any CPU = VisualStudio_2012|Any CPU
		VisualStudio_2013|Any CPU = VisualStudio_2013|Any CPU
	EndGlobalSection
	GlobalSection(ProjectConfigurationPlatforms) = postSolution
		{E842718A-6C49-482A-9131-630A62CD9616}.Debug|Any CPU.ActiveCfg = Debug|Any CPU
		{E842718A-6C49-482A-9131-630A62CD9616}.Debug|Any CPU.Build.0 = Debug|Any CPU
		{E842718A-6C49-482A-9131-630A62CD9616}.Release|Any CPU.ActiveCfg = Release|Any CPU
		{E842718A-6C49-482A-9131-630A62CD9616}.Release|Any CPU.Build.0 = Release|Any CPU
		{E842718A-6C49-482A-9131-630A62CD9616}.VisualStudio_2012|Any CPU.ActiveCfg = VisualStudio_2012|Any CPU
		{E842718A-6C49-482A-9131-630A62CD9616}.VisualStudio_2012|Any CPU.Build.0 = VisualStudio_2012|Any CPU
		{E842718A-6C49-482A-9131-630A62CD9616}.VisualStudio_2013|Any CPU.ActiveCfg = VisualStudio_2013|Any CPU
		{E842718A-6C49-482A-9131-630A62CD9616}.VisualStudio_2013|Any CPU.Build.0 = VisualStudio_2013|Any CPU
		{D5457A68-337D-4D6B-8AD0-B335B9B996DB}.Debug|Any CPU.ActiveCfg = Debug|Any CPU
		{D5457A68-337D-4D6B-8AD0-B335B9B996DB}.Debug|Any CPU.Build.0 = Debug|Any CPU
		{D5457A68-337D-4D6B-8AD0-B335B9B996DB}.Release|Any CPU.ActiveCfg = Release|Any CPU
		{D5457A68-337D-4D6B-8AD0-B335B9B996DB}.Release|Any CPU.Build.0 = Release|Any CPU
		{D5457A68-337D-4D6B-8AD0-B335B9B996DB}.VisualStudio_2012|Any CPU.ActiveCfg = VisualStudio_2012|Any CPU
		{D5457A68-337D-4D6B-8AD0-B335B9B996DB}.VisualStudio_2012|Any CPU.Build.0 = VisualStudio_2012|Any CPU
		{D5457A68-337D-4D6B-8AD0-B335B9B996DB}.VisualStudio_2013|Any CPU.ActiveCfg = VisualStudio_2013|Any CPU
		{D5457A68-337D-4D6B-8AD0-B335B9B996DB}.VisualStudio_2013|Any CPU.Build.0 = VisualStudio_2013|Any CPU
		{6649BE16-8E52-47CE-A870-6B2C9DE35BD8}.Debug|Any CPU.ActiveCfg = Debug|Any CPU
		{6649BE16-8E52-47CE-A870-6B2C9DE35BD8}.Debug|Any CPU.Build.0 = Debug|Any CPU
		{6649BE16-8E52-47CE-A870-6B2C9DE35BD8}.Release|Any CPU.ActiveCfg = Release|Any CPU
		{6649BE16-8E52-47CE-A870-6B2C9DE35BD8}.Release|Any CPU.Build.0 = Release|Any CPU
		{6649BE16-8E52-47CE-A870-6B2C9DE35BD8}.VisualStudio_2012|Any CPU.ActiveCfg = VisualStudio_2012|Any CPU
		{6649BE16-8E52-47CE-A870-6B2C9DE35BD8}.VisualStudio_2012|Any CPU.Build.0 = VisualStudio_2012|Any CPU
		{6649BE16-8E52-47CE-A870-6B2C9DE35BD8}.VisualStudio_2013|Any CPU.ActiveCfg = VisualStudio_2013|Any CPU
		{6649BE16-8E52-47CE-A870-6B2C9DE35BD8}.VisualStudio_2013|Any CPU.Build.0 = VisualStudio_2013|Any CPU
		{C547F875-DB0A-41B6-8C42-10FBC1EDF711}.Debug|Any CPU.ActiveCfg = Debug|Any CPU
		{C547F875-DB0A-41B6-8C42-10FBC1EDF711}.Debug|Any CPU.Build.0 = Debug|Any CPU
		{C547F875-DB0A-41B6-8C42-10FBC1EDF711}.Release|Any CPU.ActiveCfg = Release|Any CPU
		{C547F875-DB0A-41B6-8C42-10FBC1EDF711}.Release|Any CPU.Build.0 = Release|Any CPU
		{C547F875-DB0A-41B6-8C42-10FBC1EDF711}.VisualStudio_2012|Any CPU.ActiveCfg = VisualStudio_2012|Any CPU
		{C547F875-DB0A-41B6-8C42-10FBC1EDF711}.VisualStudio_2012|Any CPU.Build.0 = VisualStudio_2012|Any CPU
		{C547F875-DB0A-41B6-8C42-10FBC1EDF711}.VisualStudio_2013|Any CPU.ActiveCfg = VisualStudio_2013|Any CPU
		{C547F875-DB0A-41B6-8C42-10FBC1EDF711}.VisualStudio_2013|Any CPU.Build.0 = VisualStudio_2013|Any CPU
		{73E782D7-5669-46D0-8612-9CC745702941}.Debug|Any CPU.ActiveCfg = Debug|Any CPU
		{73E782D7-5669-46D0-8612-9CC745702941}.Debug|Any CPU.Build.0 = Debug|Any CPU
		{73E782D7-5669-46D0-8612-9CC745702941}.Release|Any CPU.ActiveCfg = Release|Any CPU
		{73E782D7-5669-46D0-8612-9CC745702941}.Release|Any CPU.Build.0 = Release|Any CPU
		{73E782D7-5669-46D0-8612-9CC745702941}.VisualStudio_2012|Any CPU.ActiveCfg = Release|Any CPU
		{73E782D7-5669-46D0-8612-9CC745702941}.VisualStudio_2012|Any CPU.Build.0 = Release|Any CPU
		{73E782D7-5669-46D0-8612-9CC745702941}.VisualStudio_2013|Any CPU.ActiveCfg = Release|Any CPU
		{73E782D7-5669-46D0-8612-9CC745702941}.VisualStudio_2013|Any CPU.Build.0 = Release|Any CPU
		{85E86CA6-C0B1-4EF9-885A-6232B3E5717C}.Debug|Any CPU.ActiveCfg = Debug|Any CPU
		{85E86CA6-C0B1-4EF9-885A-6232B3E5717C}.Debug|Any CPU.Build.0 = Debug|Any CPU
		{85E86CA6-C0B1-4EF9-885A-6232B3E5717C}.Release|Any CPU.ActiveCfg = Release|Any CPU
		{85E86CA6-C0B1-4EF9-885A-6232B3E5717C}.Release|Any CPU.Build.0 = Release|Any CPU
		{85E86CA6-C0B1-4EF9-885A-6232B3E5717C}.VisualStudio_2012|Any CPU.ActiveCfg = Release|Any CPU
		{85E86CA6-C0B1-4EF9-885A-6232B3E5717C}.VisualStudio_2012|Any CPU.Build.0 = Release|Any CPU
		{85E86CA6-C0B1-4EF9-885A-6232B3E5717C}.VisualStudio_2013|Any CPU.ActiveCfg = Release|Any CPU
		{85E86CA6-C0B1-4EF9-885A-6232B3E5717C}.VisualStudio_2013|Any CPU.Build.0 = Release|Any CPU
		{0EE48C01-A8F7-46CE-8E51-50DE88E88180}.Debug|Any CPU.ActiveCfg = Debug|Any CPU
		{0EE48C01-A8F7-46CE-8E51-50DE88E88180}.Debug|Any CPU.Build.0 = Debug|Any CPU
		{0EE48C01-A8F7-46CE-8E51-50DE88E88180}.Release|Any CPU.ActiveCfg = Release|Any CPU
		{0EE48C01-A8F7-46CE-8E51-50DE88E88180}.Release|Any CPU.Build.0 = Release|Any CPU
		{0EE48C01-A8F7-46CE-8E51-50DE88E88180}.VisualStudio_2012|Any CPU.ActiveCfg = Release|Any CPU
		{0EE48C01-A8F7-46CE-8E51-50DE88E88180}.VisualStudio_2012|Any CPU.Build.0 = Release|Any CPU
		{0EE48C01-A8F7-46CE-8E51-50DE88E88180}.VisualStudio_2013|Any CPU.ActiveCfg = Release|Any CPU
		{0EE48C01-A8F7-46CE-8E51-50DE88E88180}.VisualStudio_2013|Any CPU.Build.0 = Release|Any CPU
		{3D15A6ED-060E-4077-9CAB-2A54A714A790}.Debug|Any CPU.ActiveCfg = Debug|Any CPU
		{3D15A6ED-060E-4077-9CAB-2A54A714A790}.Debug|Any CPU.Build.0 = Debug|Any CPU
		{3D15A6ED-060E-4077-9CAB-2A54A714A790}.Release|Any CPU.ActiveCfg = Release|Any CPU
		{3D15A6ED-060E-4077-9CAB-2A54A714A790}.Release|Any CPU.Build.0 = Release|Any CPU
		{3D15A6ED-060E-4077-9CAB-2A54A714A790}.VisualStudio_2012|Any CPU.ActiveCfg = Release|Any CPU
		{3D15A6ED-060E-4077-9CAB-2A54A714A790}.VisualStudio_2012|Any CPU.Build.0 = Release|Any CPU
		{3D15A6ED-060E-4077-9CAB-2A54A714A790}.VisualStudio_2013|Any CPU.ActiveCfg = Release|Any CPU
		{3D15A6ED-060E-4077-9CAB-2A54A714A790}.VisualStudio_2013|Any CPU.Build.0 = Release|Any CPU
	EndGlobalSection
	GlobalSection(SolutionProperties) = preSolution
		HideSolutionNode = FALSE
	EndGlobalSection
	GlobalSection(NestedProjects) = preSolution
		{73E782D7-5669-46D0-8612-9CC745702941} = {D1DBA2F4-FA67-4F78-8C2E-9B499EC47EFF}
		{85E86CA6-C0B1-4EF9-885A-6232B3E5717C} = {D1DBA2F4-FA67-4F78-8C2E-9B499EC47EFF}
		{0EE48C01-A8F7-46CE-8E51-50DE88E88180} = {D1DBA2F4-FA67-4F78-8C2E-9B499EC47EFF}
		{3D15A6ED-060E-4077-9CAB-2A54A714A790} = {D1DBA2F4-FA67-4F78-8C2E-9B499EC47EFF}
	EndGlobalSection
EndGlobal
