
Microsoft Visual Studio Solution File, Format Version 12.00
# Visual Studio 2013
VisualStudioVersion = 12.0.40629.0
MinimumVisualStudioVersion = 10.0.40219.1
Project("{FAE04EC0-301F-11D3-BF4B-00C04F79EFBC}") = "TestStudio.Series.Tests", "TestStudio.Series.Tests\TestStudio.Series.Tests.csproj", "{72A608FF-6C88-472E-B015-97A92520BEB2}"
EndProject
Global
	GlobalSection(SolutionConfigurationPlatforms) = preSolution
		Debug|Any CPU = Debug|Any CPU
		Release|Any CPU = Release|Any CPU
	EndGlobalSection
	GlobalSection(ProjectConfigurationPlatforms) = postSolution
		{72A608FF-6C88-472E-B015-97A92520BEB2}.Debug|Any CPU.ActiveCfg = Debug|Any CPU
		{72A608FF-6C88-472E-B015-97A92520BEB2}.Debug|Any CPU.Build.0 = Debug|Any CPU
		{72A608FF-6C88-472E-B015-97A92520BEB2}.Release|Any CPU.ActiveCfg = Release|Any CPU
		{72A608FF-6C88-472E-B015-97A92520BEB2}.Release|Any CPU.Build.0 = Release|Any CPU
	EndGlobalSection
	GlobalSection(SolutionProperties) = preSolution
		HideSolutionNode = FALSE
	EndGlobalSection
EndGlobal
