
Microsoft Visual Studio Solution File, Format Version 12.00
# Visual Studio 2013
VisualStudioVersion = 12.0.40629.0
MinimumVisualStudioVersion = 10.0.40219.1
Project("{2150E333-8FDC-42A3-9474-1A3956D46DE8}") = "1. Getting Started with Telerik Testing Framework CSharp in 10 Minutes", "1. Getting Started with Telerik Testing Framework CSharp in 10 Minutes", "{3E2F8B66-A339-4E21-BDA5-B48C59D09F2C}"
EndProject
Project("{2150E333-8FDC-42A3-9474-1A3956D46DE8}") = "2. Advanced Web UI Components Automation with Telerik Testing Framework", "2. Advanced Web UI Components Automation with Telerik Testing Framework", "{EE0224C8-CD32-4117-B24F-1395FD396C76}"
EndProject
Project("{FAE04EC0-301F-11D3-BF4B-00C04F79EFBC}") = "GettingStartedTelerikTestingFramework", "GettingStartedTelerikTestingFramework\GettingStartedTelerikTestingFramework.csproj", "{6976EFCB-A2D5-4194-AD4A-BED4804B4731}"
EndProject
Project("{FAE04EC0-301F-11D3-BF4B-00C04F79EFBC}") = "AdvancedWebUiComponentsAutomation", "AdvancedWebUiComponentsAutomation\AdvancedWebUiComponentsAutomation.csproj", "{6BD37747-2D09-4723-B515-A22FB142440E}"
EndProject
Project("{2150E333-8FDC-42A3-9474-1A3956D46DE8}") = "3. Revealed How to Create Generic Dialog Handlers Through Testing Framework", "3. Revealed How to Create Generic Dialog Handlers Through Testing Framework", "{994D98F2-1D79-4065-8AD8-7991D9AC2B18}"
EndProject
Project("{FAE04EC0-301F-11D3-BF4B-00C04F79EFBC}") = "HowToCreateGenericDialogHandlers", "HowToCreateGenericDialogHandlers\HowToCreateGenericDialogHandlers.csproj", "{63D48C2A-B5EF-4E38-BFA7-49C8D663DEAF}"
EndProject
Project("{2150E333-8FDC-42A3-9474-1A3956D46DE8}") = "4. 5 Expert Tips and Tricks for Visual UI Automation Verification- Testing Framework", "4. 5 Expert Tips and Tricks for Visual UI Automation Verification- Testing Framework", "{0F3BAF5E-D28D-4493-8B8C-53BC5D194129}"
EndProject
Project("{FAE04EC0-301F-11D3-BF4B-00C04F79EFBC}") = "FiveExpertTipsTricksVisualUiAutomationVerification", "FiveExpertTipsTricksVisualUiAutomationVerification\FiveExpertTipsTricksVisualUiAutomationVerification.csproj", "{A424F756-6C5E-4ABB-A196-DC21103F3842}"
EndProject
Project("{2150E333-8FDC-42A3-9474-1A3956D46DE8}") = "5. 7 Enhanced Browser Automation Tricks You Need to Know- Testing Framework", "5. 7 Enhanced Browser Automation Tricks You Need to Know- Testing Framework", "{C51B6A68-EAFB-411A-BFED-C79D790E6A43}"
EndProject
Project("{FAE04EC0-301F-11D3-BF4B-00C04F79EFBC}") = "EnhancedBrowserAutomationTricksYouNeedToKnow", "EnhancedBrowserHandlingTricksYouNeedToKnow\EnhancedBrowserAutomationTricksYouNeedToKnow.csproj", "{630E3510-0734-4A86-94C2-13823E7C87F0}"
EndProject
Global
	GlobalSection(SolutionConfigurationPlatforms) = preSolution
		Debug|Any CPU = Debug|Any CPU
		Release|Any CPU = Release|Any CPU
	EndGlobalSection
	GlobalSection(ProjectConfigurationPlatforms) = postSolution
		{6976EFCB-A2D5-4194-AD4A-BED4804B4731}.Debug|Any CPU.ActiveCfg = Debug|Any CPU
		{6976EFCB-A2D5-4194-AD4A-BED4804B4731}.Debug|Any CPU.Build.0 = Debug|Any CPU
		{6976EFCB-A2D5-4194-AD4A-BED4804B4731}.Release|Any CPU.ActiveCfg = Release|Any CPU
		{6976EFCB-A2D5-4194-AD4A-BED4804B4731}.Release|Any CPU.Build.0 = Release|Any CPU
		{6BD37747-2D09-4723-B515-A22FB142440E}.Debug|Any CPU.ActiveCfg = Debug|Any CPU
		{6BD37747-2D09-4723-B515-A22FB142440E}.Debug|Any CPU.Build.0 = Debug|Any CPU
		{6BD37747-2D09-4723-B515-A22FB142440E}.Release|Any CPU.ActiveCfg = Release|Any CPU
		{6BD37747-2D09-4723-B515-A22FB142440E}.Release|Any CPU.Build.0 = Release|Any CPU
		{63D48C2A-B5EF-4E38-BFA7-49C8D663DEAF}.Debug|Any CPU.ActiveCfg = Debug|Any CPU
		{63D48C2A-B5EF-4E38-BFA7-49C8D663DEAF}.Debug|Any CPU.Build.0 = Debug|Any CPU
		{63D48C2A-B5EF-4E38-BFA7-49C8D663DEAF}.Release|Any CPU.ActiveCfg = Release|Any CPU
		{63D48C2A-B5EF-4E38-BFA7-49C8D663DEAF}.Release|Any CPU.Build.0 = Release|Any CPU
		{A424F756-6C5E-4ABB-A196-DC21103F3842}.Debug|Any CPU.ActiveCfg = Debug|Any CPU
		{A424F756-6C5E-4ABB-A196-DC21103F3842}.Debug|Any CPU.Build.0 = Debug|Any CPU
		{A424F756-6C5E-4ABB-A196-DC21103F3842}.Release|Any CPU.ActiveCfg = Release|Any CPU
		{A424F756-6C5E-4ABB-A196-DC21103F3842}.Release|Any CPU.Build.0 = Release|Any CPU
		{630E3510-0734-4A86-94C2-13823E7C87F0}.Debug|Any CPU.ActiveCfg = Debug|Any CPU
		{630E3510-0734-4A86-94C2-13823E7C87F0}.Debug|Any CPU.Build.0 = Debug|Any CPU
		{630E3510-0734-4A86-94C2-13823E7C87F0}.Release|Any CPU.ActiveCfg = Release|Any CPU
		{630E3510-0734-4A86-94C2-13823E7C87F0}.Release|Any CPU.Build.0 = Release|Any CPU
	EndGlobalSection
	GlobalSection(SolutionProperties) = preSolution
		HideSolutionNode = FALSE
	EndGlobalSection
	GlobalSection(NestedProjects) = preSolution
		{6976EFCB-A2D5-4194-AD4A-BED4804B4731} = {3E2F8B66-A339-4E21-BDA5-B48C59D09F2C}
		{6BD37747-2D09-4723-B515-A22FB142440E} = {EE0224C8-CD32-4117-B24F-1395FD396C76}
		{63D48C2A-B5EF-4E38-BFA7-49C8D663DEAF} = {994D98F2-1D79-4065-8AD8-7991D9AC2B18}
		{A424F756-6C5E-4ABB-A196-DC21103F3842} = {0F3BAF5E-D28D-4493-8B8C-53BC5D194129}
		{630E3510-0734-4A86-94C2-13823E7C87F0} = {C51B6A68-EAFB-411A-BFED-C79D790E6A43}
	EndGlobalSection
EndGlobal
