
Microsoft Visual Studio Solution File, Format Version 12.00
# Visual Studio 15
VisualStudioVersion = 15.0.27130.2020
MinimumVisualStudioVersion = 10.0.40219.1
Project("{FAE04EC0-301F-11D3-BF4B-00C04F79EFBC}") = "CodingStandardsEditorConfig", "CodingStandardsEditorConfig\CodingStandardsEditorConfig.csproj", "{A2E9F7B0-870D-4BBF-B1B7-55B86FE3326B}"
EndProject
Project("{2150E333-8FDC-42A3-9474-1A3956D46DE8}") = "01. High-Quality Automated Tests- Consistent Coding Styles Using EditorConfig", "01. High-Quality Automated Tests- Consistent Coding Styles Using EditorConfig", "{4475C25A-D4AE-417E-A711-8959C4AA3229}"
EndProject
Project("{2150E333-8FDC-42A3-9474-1A3956D46DE8}") = "02. High-Quality Automated Tests- Top 10 EditorConfig Coding Styles Part 1", "02. High-Quality Automated Tests- Top 10 EditorConfig Coding Styles Part 1", "{F1D6C0EC-3EEE-4646-9B05-52FC9C1BECAF}"
	ProjectSection(SolutionItems) = preProject
		readme-2.txt = readme-2.txt
	EndProjectSection
EndProject
Project("{2150E333-8FDC-42A3-9474-1A3956D46DE8}") = "03. High-Quality Automated Tests- Top 10 EditorConfig Coding Styles Part 2", "03. High-Quality Automated Tests- Top 10 EditorConfig Coding Styles Part 2", "{9AB8706C-3356-482D-993C-D9C588DD686B}"
	ProjectSection(SolutionItems) = preProject
		readme-3.txt = readme-3.txt
	EndProjectSection
EndProject
Project("{2150E333-8FDC-42A3-9474-1A3956D46DE8}") = "04. High-Quality Automated Tests- Enforce Style and Consistency Rules Using StyleCop", "04. High-Quality Automated Tests- Enforce Style and Consistency Rules Using StyleCop", "{7228260A-DA97-4F3F-BD33-3E7449C165EE}"
EndProject
Project("{FAE04EC0-301F-11D3-BF4B-00C04F79EFBC}") = "CodingStandardsStyleCop", "CodingStandardsStyleCop\CodingStandardsStyleCop.csproj", "{0573F088-2FE6-48C4-8EF9-DBACD04322B6}"
EndProject
Global
	GlobalSection(SolutionConfigurationPlatforms) = preSolution
		Debug|Any CPU = Debug|Any CPU
		Release|Any CPU = Release|Any CPU
	EndGlobalSection
	GlobalSection(ProjectConfigurationPlatforms) = postSolution
		{A2E9F7B0-870D-4BBF-B1B7-55B86FE3326B}.Debug|Any CPU.ActiveCfg = Debug|Any CPU
		{A2E9F7B0-870D-4BBF-B1B7-55B86FE3326B}.Debug|Any CPU.Build.0 = Debug|Any CPU
		{A2E9F7B0-870D-4BBF-B1B7-55B86FE3326B}.Release|Any CPU.ActiveCfg = Release|Any CPU
		{A2E9F7B0-870D-4BBF-B1B7-55B86FE3326B}.Release|Any CPU.Build.0 = Release|Any CPU
		{0573F088-2FE6-48C4-8EF9-DBACD04322B6}.Debug|Any CPU.ActiveCfg = Debug|Any CPU
		{0573F088-2FE6-48C4-8EF9-DBACD04322B6}.Debug|Any CPU.Build.0 = Debug|Any CPU
		{0573F088-2FE6-48C4-8EF9-DBACD04322B6}.Release|Any CPU.ActiveCfg = Release|Any CPU
		{0573F088-2FE6-48C4-8EF9-DBACD04322B6}.Release|Any CPU.Build.0 = Release|Any CPU
	EndGlobalSection
	GlobalSection(SolutionProperties) = preSolution
		HideSolutionNode = FALSE
	EndGlobalSection
	GlobalSection(NestedProjects) = preSolution
		{A2E9F7B0-870D-4BBF-B1B7-55B86FE3326B} = {4475C25A-D4AE-417E-A711-8959C4AA3229}
		{0573F088-2FE6-48C4-8EF9-DBACD04322B6} = {7228260A-DA97-4F3F-BD33-3E7449C165EE}
	EndGlobalSection
	GlobalSection(ExtensibilityGlobals) = postSolution
		SolutionGuid = {2246B95C-9FD6-4CA1-B537-DA5D2D244FA3}
	EndGlobalSection
EndGlobal
