
Microsoft Visual Studio Solution File, Format Version 12.00
# Visual Studio 2013
VisualStudioVersion = 12.0.40629.0
MinimumVisualStudioVersion = 10.0.40219.1
Project("{FAE04EC0-301F-11D3-BF4B-00C04F79EFBC}") = "CSharp.Series.EventLogOperations", "CSharp.Series.EventLogOperations\CSharp.Series.EventLogOperations.csproj", "{3C2F551C-DDE5-4DAF-B8F4-82915DAEB4B6}"
EndProject
Project("{FAE04EC0-301F-11D3-BF4B-00C04F79EFBC}") = "CSharp.Series.Log4Net.Tests", "CSharp.Series.Log4Net.Tests\CSharp.Series.Log4Net.Tests.csproj", "{18A3C6E7-69CD-463B-BC7D-F5A12BAAFC21}"
EndProject
Project("{FAE04EC0-301F-11D3-BF4B-00C04F79EFBC}") = "CSharp.Series.NLog.Tests", "CSharp.Series.NLog.Tests\CSharp.Series.NLog.Tests.csproj", "{4CBCA26E-FD97-4B26-B310-039D5AF471DC}"
EndProject
Project("{FAE04EC0-301F-11D3-BF4B-00C04F79EFBC}") = "CSharp.Series.NLog.UnitTests", "CSharp.Series.NLog.UnitTests\CSharp.Series.NLog.UnitTests.csproj", "{0CB14873-1D7F-47BE-9877-E2ABBC5E3D0B}"
EndProject
Project("{FAE04EC0-301F-11D3-BF4B-00C04F79EFBC}") = "MSBuildTcpIPLogger", "MSBuildTcpIPLogger\MSBuildTcpIPLogger.csproj", "{56D09F38-4B41-49A0-86F3-0C871D7EC91A}"
EndProject
Project("{FAE04EC0-301F-11D3-BF4B-00C04F79EFBC}") = "ChangeConfigFileRuntime", "ChangeConfigFileRuntime\ChangeConfigFileRuntime.csproj", "{CD80C9DE-3E8B-4548-971A-24ECBD0D6F0D}"
EndProject
Project("{FAE04EC0-301F-11D3-BF4B-00C04F79EFBC}") = "ImplementCopyPaste", "ImplementCopyPaste\ImplementCopyPaste.csproj", "{82907095-BE7B-4EAF-9674-D3EC414260A2}"
EndProject
Project("{FAE04EC0-301F-11D3-BF4B-00C04F79EFBC}") = "FidelyOpenSourceDotNetSearchQueryCompiler", "FidelyOpenSourceDotNetSearchQueryCompiler\FidelyOpenSourceDotNetSearchQueryCompiler.csproj", "{2ED526C3-F932-4D39-B412-D8888A0CC2F8}"
EndProject
Project("{FAE04EC0-301F-11D3-BF4B-00C04F79EFBC}") = "WindowsRegistryReadWrite", "WindowsRegistryReadWrite\WindowsRegistryReadWrite.csproj", "{C2B694FE-73CF-4270-917C-BF1291F6A281}"
EndProject
Project("{FAE04EC0-301F-11D3-BF4B-00C04F79EFBC}") = "GetAssemblyPropertiesWithoutLockingFile", "GetAssemblyPropertiesWithoutLockingFile\GetAssemblyPropertiesWithoutLockingFile.csproj", "{7E2F89AA-43A7-4520-B7A9-69539B5C2C3C}"
EndProject
Project("{FAE04EC0-301F-11D3-BF4B-00C04F79EFBC}") = "YouTubeAPIGettingStarted", "YouTubeAPIGettingStarted\YouTubeAPIGettingStarted.csproj", "{B8F01A5E-F5D5-404A-BAD7-1115025E301E}"
EndProject
Project("{FAE04EC0-301F-11D3-BF4B-00C04F79EFBC}") = "YouTubePlaylistAPI", "YouTubePlaylistAPI\YouTubePlaylistAPI.csproj", "{0D355867-7C4F-44B5-8F4A-F58734F322C1}"
EndProject
Project("{FAE04EC0-301F-11D3-BF4B-00C04F79EFBC}") = "AssertDateTimeRightWayMSTestNUnit", "AssertDateTimeRightWayMSTestNUnit\AssertDateTimeRightWayMSTestNUnit.csproj", "{470EAA8B-B6B6-471E-AFB5-373DB74F4492}"
EndProject
Project("{FAE04EC0-301F-11D3-BF4B-00C04F79EFBC}") = "GenericPropertiesValidator", "GenericPropertiesValidator\GenericPropertiesValidator.csproj", "{081E0A41-AB1E-448A-99E5-73D4A8BF853F}"
EndProject
Project("{FAE04EC0-301F-11D3-BF4B-00C04F79EFBC}") = "TopUnderutilizedFeaturesdDotNetPartOne", "TopUnderutilizedFeaturesdDotNetPartOne\TopUnderutilizedFeaturesdDotNetPartOne.csproj", "{14563EB7-CF6C-4A1E-AA1F-D5D5F29CEA8A}"
EndProject
Project("{FAE04EC0-301F-11D3-BF4B-00C04F79EFBC}") = "TopUnderutilizedFeaturesdDotNetPartTwo", "TopUnderutilizedFeaturesdDotNetPartTwo\TopUnderutilizedFeaturesdDotNetPartTwo.csproj", "{E895EE97-5EEC-4EE1-99BC-C7665E1EC02C}"
EndProject
Project("{FAE04EC0-301F-11D3-BF4B-00C04F79EFBC}") = "ReducedAutoMapper", "ReducedAutoMapper\ReducedAutoMapper.csproj", "{52CD4FA0-ED0E-40BB-898D-6233FEA8412F}"
EndProject
Project("{FAE04EC0-301F-11D3-BF4B-00C04F79EFBC}") = "NeatTricksEffortlesslyFormattingCurrency", "NeatTricksEffortlesslyFormattingCurrency\NeatTricksEffortlesslyFormattingCurrency.csproj", "{F2FD4992-8AD3-44BE-A55B-0A3CA5CA6B43}"
EndProject
Project("{FAE04EC0-301F-11D3-BF4B-00C04F79EFBC}") = "WhichWorksFasterNullDefault", "WhichWorksFasterNullDefault\WhichWorksFasterNullDefault.csproj", "{E2054110-FAEA-4952-B6B9-33A82610C6FD}"
EndProject
Project("{FAE04EC0-301F-11D3-BF4B-00C04F79EFBC}") = "TypeCodeCoverage", "TypeCodeCoverage\TypeCodeCoverage.csproj", "{84A48EB9-D16F-4F21-9BAE-1B106B94F26B}"
EndProject
Project("{FAE04EC0-301F-11D3-BF4B-00C04F79EFBC}") = "GetPropertyNamesUsingLambdaExpressions", "GetPropertyNamesUsingLambdaExpressions\GetPropertyNamesUsingLambdaExpressions.csproj", "{F2F4B313-6E47-414E-B55A-28E02E4E1CC9}"
EndProject
Project("{FAE04EC0-301F-11D3-BF4B-00C04F79EFBC}") = "TopWindowsEventLogTips", "TopWindowsEventLogTips\TopWindowsEventLogTips.csproj", "{4101FDB2-B5B3-4C44-9624-3E9BA7E40CE7}"
EndProject
Project("{2150E333-8FDC-42A3-9474-1A3956D46DE8}") = "1. MSBuild TCP IP Logger CSharp Code", "1. MSBuild TCP IP Logger CSharp Code", "{8AFF6B46-184F-4DB8-B0CC-7DA7B93F1BC4}"
	ProjectSection(SolutionItems) = preProject
		readme-1.txt = readme-1.txt
	EndProjectSection
EndProject
Project("{2150E333-8FDC-42A3-9474-1A3956D46DE8}") = "2. Change .config File at Runtime CSharp Code", "2. Change .config File at Runtime CSharp Code", "{2EEAFD71-9203-4E38-B1D4-D7D7EC499CCE}"
	ProjectSection(SolutionItems) = preProject
		readme-2.txt = readme-2.txt
	EndProjectSection
EndProject
Project("{2150E333-8FDC-42A3-9474-1A3956D46DE8}") = "3. Implement Copy Paste CSharp Code", "3. Implement Copy Paste CSharp Code", "{772AC162-61C6-4F2D-85B7-953EA429EA69}"
	ProjectSection(SolutionItems) = preProject
		readme-3.txt = readme-3.txt
	EndProjectSection
EndProject
Project("{2150E333-8FDC-42A3-9474-1A3956D46DE8}") = "4. Fidely Open Source .NET Search Query Compiler", "4. Fidely Open Source .NET Search Query Compiler", "{00F2A94A-2CBF-4941-97C4-9F3F2F4E2357}"
	ProjectSection(SolutionItems) = preProject
		readme-4.txt = readme-4.txt
	EndProjectSection
EndProject
Project("{2150E333-8FDC-42A3-9474-1A3956D46DE8}") = "6. Windows Registry Read Write CSharp Code", "6. Windows Registry Read Write CSharp Code", "{FF505E72-66B9-4191-A7D2-7F19F2C5ECDE}"
	ProjectSection(SolutionItems) = preProject
		readme-6.txt = readme-6.txt
	EndProjectSection
EndProject
Project("{2150E333-8FDC-42A3-9474-1A3956D46DE8}") = "7. Get Assembly Properties Without Locking File CSharp Code", "7. Get Assembly Properties Without Locking File CSharp Code", "{B6DAC5C7-03D9-4B79-9D5D-035BE36035C3}"
	ProjectSection(SolutionItems) = preProject
		readme-7.txt = readme-7.txt
	EndProjectSection
EndProject
Project("{2150E333-8FDC-42A3-9474-1A3956D46DE8}") = "5. Specify Assembly References Based On Build Configuration in Visual Studio", "5. Specify Assembly References Based On Build Configuration in Visual Studio", "{AB4515FB-712D-4A88-9E8A-7EE1236CABD8}"
	ProjectSection(SolutionItems) = preProject
		readme-5.txt = readme-5.txt
	EndProjectSection
EndProject
Project("{2150E333-8FDC-42A3-9474-1A3956D46DE8}") = "8. YouTube API Getting Started CSharp Code", "8. YouTube API Getting Started CSharp Code", "{A3BAC32C-7C43-44E7-BE73-B87FF52AC0FB}"
	ProjectSection(SolutionItems) = preProject
		readme-8.txt = readme-8.txt
	EndProjectSection
EndProject
Project("{2150E333-8FDC-42A3-9474-1A3956D46DE8}") = "9. YouTube Playlists API CSharp Code", "9. YouTube Playlists API CSharp Code", "{F31E9BFD-F39B-41F0-AA45-BBB63F9742B2}"
	ProjectSection(SolutionItems) = preProject
		readme-9.txt = readme-9.txt
	EndProjectSection
EndProject
Project("{2150E333-8FDC-42A3-9474-1A3956D46DE8}") = "10. Assert DateTime the Right Way MSTest NUnit CSharp Code", "10. Assert DateTime the Right Way MSTest NUnit CSharp Code", "{9C5F1342-2CA2-46E9-8071-7EF808584F6A}"
	ProjectSection(SolutionItems) = preProject
		readme-10.txt = readme-10.txt
	EndProjectSection
EndProject
Project("{2150E333-8FDC-42A3-9474-1A3956D46DE8}") = "11. Generic Properties Validator CSharp Code", "11. Generic Properties Validator CSharp Code", "{8B074A34-2715-473D-9378-E2D0DC2C105E}"
	ProjectSection(SolutionItems) = preProject
		readme-11.txt = readme-11.txt
	EndProjectSection
EndProject
Project("{2150E333-8FDC-42A3-9474-1A3956D46DE8}") = "12. 19 Must-Know Visual Studio Keyboard Shortcuts – Part 1", "12. 19 Must-Know Visual Studio Keyboard Shortcuts – Part 1", "{50D24E88-B1D0-4476-98D5-CE1F95B02DF3}"
	ProjectSection(SolutionItems) = preProject
		readme-12.txt = readme-12.txt
	EndProjectSection
EndProject
Project("{2150E333-8FDC-42A3-9474-1A3956D46DE8}") = "13. 19 Must-Know Visual Studio Keyboard Shortcuts – Part 2", "13. 19 Must-Know Visual Studio Keyboard Shortcuts – Part 2", "{2ED338D3-4AB5-4814-816C-305630299280}"
	ProjectSection(SolutionItems) = preProject
		readme-13.txt = readme-13.txt
	EndProjectSection
EndProject
Project("{2150E333-8FDC-42A3-9474-1A3956D46DE8}") = "14. 7 New Cool Features in CSharp 6.0", "14. 7 New Cool Features in CSharp 6.0", "{7CBA9001-ABBD-46ED-93B1-B054A3282DDF}"
	ProjectSection(SolutionItems) = preProject
		readme-14.txt = readme-14.txt
	EndProjectSection
EndProject
Project("{2150E333-8FDC-42A3-9474-1A3956D46DE8}") = "15. Hints For Arranging Usings in Visual Studio Efficiently", "15. Hints For Arranging Usings in Visual Studio Efficiently", "{EFA0FABC-08C7-47A7-98FB-A4E5F2227742}"
	ProjectSection(SolutionItems) = preProject
		readme-15.txt = readme-15.txt
	EndProjectSection
EndProject
Project("{2150E333-8FDC-42A3-9474-1A3956D46DE8}") = "16. Top 15 Underutilized Features of .NET", "16. Top 15 Underutilized Features of .NET", "{49CB8ABA-0056-4667-9426-303AECBA83EF}"
	ProjectSection(SolutionItems) = preProject
		readme-16.txt = readme-16.txt
	EndProjectSection
EndProject
Project("{2150E333-8FDC-42A3-9474-1A3956D46DE8}") = "17. Types Of Code Coverage- Examples In CSharp", "17. Types Of Code Coverage- Examples In CSharp", "{3251711A-389D-419D-A4B8-73D7E600E334}"
	ProjectSection(SolutionItems) = preProject
		readme-17.txt = readme-17.txt
	EndProjectSection
EndProject
Project("{2150E333-8FDC-42A3-9474-1A3956D46DE8}") = "18. Reduced AutoMapper- Auto-Map Objects 180 Percents Faster", "18. Reduced AutoMapper- Auto-Map Objects 180 Percents Faster", "{AC50C362-DE9C-462B-9D9A-1B781CD19D0D}"
	ProjectSection(SolutionItems) = preProject
		readme-18.txt = readme-18.txt
	EndProjectSection
EndProject
Project("{2150E333-8FDC-42A3-9474-1A3956D46DE8}") = "19. Neat Tricks for Effortlessly Formatting Currency in CSharp", "19. Neat Tricks for Effortlessly Formatting Currency in CSharp", "{A6B1E1A8-9AC5-4687-BD83-360D7365E71F}"
	ProjectSection(SolutionItems) = preProject
		readme-19.txt = readme-19.txt
	EndProjectSection
EndProject
Project("{2150E333-8FDC-42A3-9474-1A3956D46DE8}") = "20. Top 15 Underutilized Features of .NET Part 2", "20. Top 15 Underutilized Features of .NET Part 2", "{11C6922F-0376-44C8-A46C-D140AB227D09}"
	ProjectSection(SolutionItems) = preProject
		readme-20.txt = readme-20.txt
	EndProjectSection
EndProject
Project("{2150E333-8FDC-42A3-9474-1A3956D46DE8}") = "21. Which Works Faster- Null Coalescing Operator or GetValueOrDefault or Conditional Operator", "21. Which Works Faster- Null Coalescing Operator or GetValueOrDefault or Conditional Operator", "{E7C0E601-CEA5-493D-884D-B8D1ACEF5988}"
	ProjectSection(SolutionItems) = preProject
		readme-21.txt = readme-21.txt
	EndProjectSection
EndProject
Project("{2150E333-8FDC-42A3-9474-1A3956D46DE8}") = "22. Get Property Names Using Lambda Expressions in CSharp", "22. Get Property Names Using Lambda Expressions in CSharp", "{27AE1AAD-EDBF-446B-92E7-C19E6D487BC1}"
	ProjectSection(SolutionItems) = preProject
		readme-22.txt = readme-22.txt
	EndProjectSection
EndProject
Project("{2150E333-8FDC-42A3-9474-1A3956D46DE8}") = "23. Top 9 Windows Event Log Tips Using CSharp", "23. Top 9 Windows Event Log Tips Using CSharp", "{39B7A880-7E6B-474C-BBBC-CDD8BBCC488A}"
	ProjectSection(SolutionItems) = preProject
		readme-23.txt = readme-23.txt
	EndProjectSection
EndProject
Global
	GlobalSection(SolutionConfigurationPlatforms) = preSolution
		Debug|Any CPU = Debug|Any CPU
		Release|Any CPU = Release|Any CPU
	EndGlobalSection
	GlobalSection(ProjectConfigurationPlatforms) = postSolution
		{3C2F551C-DDE5-4DAF-B8F4-82915DAEB4B6}.Debug|Any CPU.ActiveCfg = Debug|Any CPU
		{3C2F551C-DDE5-4DAF-B8F4-82915DAEB4B6}.Debug|Any CPU.Build.0 = Debug|Any CPU
		{3C2F551C-DDE5-4DAF-B8F4-82915DAEB4B6}.Release|Any CPU.ActiveCfg = Release|Any CPU
		{3C2F551C-DDE5-4DAF-B8F4-82915DAEB4B6}.Release|Any CPU.Build.0 = Release|Any CPU
		{18A3C6E7-69CD-463B-BC7D-F5A12BAAFC21}.Debug|Any CPU.ActiveCfg = Debug|Any CPU
		{18A3C6E7-69CD-463B-BC7D-F5A12BAAFC21}.Debug|Any CPU.Build.0 = Debug|Any CPU
		{18A3C6E7-69CD-463B-BC7D-F5A12BAAFC21}.Release|Any CPU.ActiveCfg = Release|Any CPU
		{18A3C6E7-69CD-463B-BC7D-F5A12BAAFC21}.Release|Any CPU.Build.0 = Release|Any CPU
		{4CBCA26E-FD97-4B26-B310-039D5AF471DC}.Debug|Any CPU.ActiveCfg = Debug|Any CPU
		{4CBCA26E-FD97-4B26-B310-039D5AF471DC}.Debug|Any CPU.Build.0 = Debug|Any CPU
		{4CBCA26E-FD97-4B26-B310-039D5AF471DC}.Release|Any CPU.ActiveCfg = Release|Any CPU
		{4CBCA26E-FD97-4B26-B310-039D5AF471DC}.Release|Any CPU.Build.0 = Release|Any CPU
		{0CB14873-1D7F-47BE-9877-E2ABBC5E3D0B}.Debug|Any CPU.ActiveCfg = Debug|Any CPU
		{0CB14873-1D7F-47BE-9877-E2ABBC5E3D0B}.Debug|Any CPU.Build.0 = Debug|Any CPU
		{0CB14873-1D7F-47BE-9877-E2ABBC5E3D0B}.Release|Any CPU.ActiveCfg = Release|Any CPU
		{0CB14873-1D7F-47BE-9877-E2ABBC5E3D0B}.Release|Any CPU.Build.0 = Release|Any CPU
		{56D09F38-4B41-49A0-86F3-0C871D7EC91A}.Debug|Any CPU.ActiveCfg = Debug|Any CPU
		{56D09F38-4B41-49A0-86F3-0C871D7EC91A}.Debug|Any CPU.Build.0 = Debug|Any CPU
		{56D09F38-4B41-49A0-86F3-0C871D7EC91A}.Release|Any CPU.ActiveCfg = Release|Any CPU
		{56D09F38-4B41-49A0-86F3-0C871D7EC91A}.Release|Any CPU.Build.0 = Release|Any CPU
		{CD80C9DE-3E8B-4548-971A-24ECBD0D6F0D}.Debug|Any CPU.ActiveCfg = Debug|Any CPU
		{CD80C9DE-3E8B-4548-971A-24ECBD0D6F0D}.Debug|Any CPU.Build.0 = Debug|Any CPU
		{CD80C9DE-3E8B-4548-971A-24ECBD0D6F0D}.Release|Any CPU.ActiveCfg = Release|Any CPU
		{CD80C9DE-3E8B-4548-971A-24ECBD0D6F0D}.Release|Any CPU.Build.0 = Release|Any CPU
		{82907095-BE7B-4EAF-9674-D3EC414260A2}.Debug|Any CPU.ActiveCfg = Debug|Any CPU
		{82907095-BE7B-4EAF-9674-D3EC414260A2}.Debug|Any CPU.Build.0 = Debug|Any CPU
		{82907095-BE7B-4EAF-9674-D3EC414260A2}.Release|Any CPU.ActiveCfg = Release|Any CPU
		{82907095-BE7B-4EAF-9674-D3EC414260A2}.Release|Any CPU.Build.0 = Release|Any CPU
		{2ED526C3-F932-4D39-B412-D8888A0CC2F8}.Debug|Any CPU.ActiveCfg = Debug|Any CPU
		{2ED526C3-F932-4D39-B412-D8888A0CC2F8}.Debug|Any CPU.Build.0 = Debug|Any CPU
		{2ED526C3-F932-4D39-B412-D8888A0CC2F8}.Release|Any CPU.ActiveCfg = Release|Any CPU
		{2ED526C3-F932-4D39-B412-D8888A0CC2F8}.Release|Any CPU.Build.0 = Release|Any CPU
		{C2B694FE-73CF-4270-917C-BF1291F6A281}.Debug|Any CPU.ActiveCfg = Debug|Any CPU
		{C2B694FE-73CF-4270-917C-BF1291F6A281}.Debug|Any CPU.Build.0 = Debug|Any CPU
		{C2B694FE-73CF-4270-917C-BF1291F6A281}.Release|Any CPU.ActiveCfg = Release|Any CPU
		{C2B694FE-73CF-4270-917C-BF1291F6A281}.Release|Any CPU.Build.0 = Release|Any CPU
		{7E2F89AA-43A7-4520-B7A9-69539B5C2C3C}.Debug|Any CPU.ActiveCfg = Debug|Any CPU
		{7E2F89AA-43A7-4520-B7A9-69539B5C2C3C}.Debug|Any CPU.Build.0 = Debug|Any CPU
		{7E2F89AA-43A7-4520-B7A9-69539B5C2C3C}.Release|Any CPU.ActiveCfg = Release|Any CPU
		{7E2F89AA-43A7-4520-B7A9-69539B5C2C3C}.Release|Any CPU.Build.0 = Release|Any CPU
		{B8F01A5E-F5D5-404A-BAD7-1115025E301E}.Debug|Any CPU.ActiveCfg = Debug|Any CPU
		{B8F01A5E-F5D5-404A-BAD7-1115025E301E}.Debug|Any CPU.Build.0 = Debug|Any CPU
		{B8F01A5E-F5D5-404A-BAD7-1115025E301E}.Release|Any CPU.ActiveCfg = Release|Any CPU
		{B8F01A5E-F5D5-404A-BAD7-1115025E301E}.Release|Any CPU.Build.0 = Release|Any CPU
		{0D355867-7C4F-44B5-8F4A-F58734F322C1}.Debug|Any CPU.ActiveCfg = Debug|Any CPU
		{0D355867-7C4F-44B5-8F4A-F58734F322C1}.Debug|Any CPU.Build.0 = Debug|Any CPU
		{0D355867-7C4F-44B5-8F4A-F58734F322C1}.Release|Any CPU.ActiveCfg = Release|Any CPU
		{0D355867-7C4F-44B5-8F4A-F58734F322C1}.Release|Any CPU.Build.0 = Release|Any CPU
		{470EAA8B-B6B6-471E-AFB5-373DB74F4492}.Debug|Any CPU.ActiveCfg = Debug|Any CPU
		{470EAA8B-B6B6-471E-AFB5-373DB74F4492}.Debug|Any CPU.Build.0 = Debug|Any CPU
		{470EAA8B-B6B6-471E-AFB5-373DB74F4492}.Release|Any CPU.ActiveCfg = Release|Any CPU
		{470EAA8B-B6B6-471E-AFB5-373DB74F4492}.Release|Any CPU.Build.0 = Release|Any CPU
		{081E0A41-AB1E-448A-99E5-73D4A8BF853F}.Debug|Any CPU.ActiveCfg = Debug|Any CPU
		{081E0A41-AB1E-448A-99E5-73D4A8BF853F}.Debug|Any CPU.Build.0 = Debug|Any CPU
		{081E0A41-AB1E-448A-99E5-73D4A8BF853F}.Release|Any CPU.ActiveCfg = Release|Any CPU
		{081E0A41-AB1E-448A-99E5-73D4A8BF853F}.Release|Any CPU.Build.0 = Release|Any CPU
		{14563EB7-CF6C-4A1E-AA1F-D5D5F29CEA8A}.Debug|Any CPU.ActiveCfg = Debug|Any CPU
		{14563EB7-CF6C-4A1E-AA1F-D5D5F29CEA8A}.Debug|Any CPU.Build.0 = Debug|Any CPU
		{14563EB7-CF6C-4A1E-AA1F-D5D5F29CEA8A}.Release|Any CPU.ActiveCfg = Release|Any CPU
		{14563EB7-CF6C-4A1E-AA1F-D5D5F29CEA8A}.Release|Any CPU.Build.0 = Release|Any CPU
		{E895EE97-5EEC-4EE1-99BC-C7665E1EC02C}.Debug|Any CPU.ActiveCfg = Debug|Any CPU
		{E895EE97-5EEC-4EE1-99BC-C7665E1EC02C}.Debug|Any CPU.Build.0 = Debug|Any CPU
		{E895EE97-5EEC-4EE1-99BC-C7665E1EC02C}.Release|Any CPU.ActiveCfg = Release|Any CPU
		{E895EE97-5EEC-4EE1-99BC-C7665E1EC02C}.Release|Any CPU.Build.0 = Release|Any CPU
		{52CD4FA0-ED0E-40BB-898D-6233FEA8412F}.Debug|Any CPU.ActiveCfg = Debug|Any CPU
		{52CD4FA0-ED0E-40BB-898D-6233FEA8412F}.Debug|Any CPU.Build.0 = Debug|Any CPU
		{52CD4FA0-ED0E-40BB-898D-6233FEA8412F}.Release|Any CPU.ActiveCfg = Release|Any CPU
		{52CD4FA0-ED0E-40BB-898D-6233FEA8412F}.Release|Any CPU.Build.0 = Release|Any CPU
		{F2FD4992-8AD3-44BE-A55B-0A3CA5CA6B43}.Debug|Any CPU.ActiveCfg = Debug|Any CPU
		{F2FD4992-8AD3-44BE-A55B-0A3CA5CA6B43}.Debug|Any CPU.Build.0 = Debug|Any CPU
		{F2FD4992-8AD3-44BE-A55B-0A3CA5CA6B43}.Release|Any CPU.ActiveCfg = Release|Any CPU
		{F2FD4992-8AD3-44BE-A55B-0A3CA5CA6B43}.Release|Any CPU.Build.0 = Release|Any CPU
		{E2054110-FAEA-4952-B6B9-33A82610C6FD}.Debug|Any CPU.ActiveCfg = Debug|Any CPU
		{E2054110-FAEA-4952-B6B9-33A82610C6FD}.Debug|Any CPU.Build.0 = Debug|Any CPU
		{E2054110-FAEA-4952-B6B9-33A82610C6FD}.Release|Any CPU.ActiveCfg = Release|Any CPU
		{E2054110-FAEA-4952-B6B9-33A82610C6FD}.Release|Any CPU.Build.0 = Release|Any CPU
		{84A48EB9-D16F-4F21-9BAE-1B106B94F26B}.Debug|Any CPU.ActiveCfg = Debug|Any CPU
		{84A48EB9-D16F-4F21-9BAE-1B106B94F26B}.Debug|Any CPU.Build.0 = Debug|Any CPU
		{84A48EB9-D16F-4F21-9BAE-1B106B94F26B}.Release|Any CPU.ActiveCfg = Release|Any CPU
		{84A48EB9-D16F-4F21-9BAE-1B106B94F26B}.Release|Any CPU.Build.0 = Release|Any CPU
		{F2F4B313-6E47-414E-B55A-28E02E4E1CC9}.Debug|Any CPU.ActiveCfg = Debug|Any CPU
		{F2F4B313-6E47-414E-B55A-28E02E4E1CC9}.Debug|Any CPU.Build.0 = Debug|Any CPU
		{F2F4B313-6E47-414E-B55A-28E02E4E1CC9}.Release|Any CPU.ActiveCfg = Release|Any CPU
		{F2F4B313-6E47-414E-B55A-28E02E4E1CC9}.Release|Any CPU.Build.0 = Release|Any CPU
		{4101FDB2-B5B3-4C44-9624-3E9BA7E40CE7}.Debug|Any CPU.ActiveCfg = Debug|Any CPU
		{4101FDB2-B5B3-4C44-9624-3E9BA7E40CE7}.Debug|Any CPU.Build.0 = Debug|Any CPU
		{4101FDB2-B5B3-4C44-9624-3E9BA7E40CE7}.Release|Any CPU.ActiveCfg = Release|Any CPU
		{4101FDB2-B5B3-4C44-9624-3E9BA7E40CE7}.Release|Any CPU.Build.0 = Release|Any CPU
	EndGlobalSection
	GlobalSection(SolutionProperties) = preSolution
		HideSolutionNode = FALSE
	EndGlobalSection
	GlobalSection(NestedProjects) = preSolution
		{3C2F551C-DDE5-4DAF-B8F4-82915DAEB4B6} = {39B7A880-7E6B-474C-BBBC-CDD8BBCC488A}
		{18A3C6E7-69CD-463B-BC7D-F5A12BAAFC21} = {39B7A880-7E6B-474C-BBBC-CDD8BBCC488A}
		{4CBCA26E-FD97-4B26-B310-039D5AF471DC} = {39B7A880-7E6B-474C-BBBC-CDD8BBCC488A}
		{0CB14873-1D7F-47BE-9877-E2ABBC5E3D0B} = {39B7A880-7E6B-474C-BBBC-CDD8BBCC488A}
		{56D09F38-4B41-49A0-86F3-0C871D7EC91A} = {8AFF6B46-184F-4DB8-B0CC-7DA7B93F1BC4}
		{CD80C9DE-3E8B-4548-971A-24ECBD0D6F0D} = {2EEAFD71-9203-4E38-B1D4-D7D7EC499CCE}
		{82907095-BE7B-4EAF-9674-D3EC414260A2} = {772AC162-61C6-4F2D-85B7-953EA429EA69}
		{2ED526C3-F932-4D39-B412-D8888A0CC2F8} = {00F2A94A-2CBF-4941-97C4-9F3F2F4E2357}
		{C2B694FE-73CF-4270-917C-BF1291F6A281} = {FF505E72-66B9-4191-A7D2-7F19F2C5ECDE}
		{7E2F89AA-43A7-4520-B7A9-69539B5C2C3C} = {B6DAC5C7-03D9-4B79-9D5D-035BE36035C3}
		{B8F01A5E-F5D5-404A-BAD7-1115025E301E} = {A3BAC32C-7C43-44E7-BE73-B87FF52AC0FB}
		{0D355867-7C4F-44B5-8F4A-F58734F322C1} = {F31E9BFD-F39B-41F0-AA45-BBB63F9742B2}
		{470EAA8B-B6B6-471E-AFB5-373DB74F4492} = {9C5F1342-2CA2-46E9-8071-7EF808584F6A}
		{081E0A41-AB1E-448A-99E5-73D4A8BF853F} = {8B074A34-2715-473D-9378-E2D0DC2C105E}
		{14563EB7-CF6C-4A1E-AA1F-D5D5F29CEA8A} = {49CB8ABA-0056-4667-9426-303AECBA83EF}
		{E895EE97-5EEC-4EE1-99BC-C7665E1EC02C} = {11C6922F-0376-44C8-A46C-D140AB227D09}
		{52CD4FA0-ED0E-40BB-898D-6233FEA8412F} = {AC50C362-DE9C-462B-9D9A-1B781CD19D0D}
		{F2FD4992-8AD3-44BE-A55B-0A3CA5CA6B43} = {A6B1E1A8-9AC5-4687-BD83-360D7365E71F}
		{E2054110-FAEA-4952-B6B9-33A82610C6FD} = {E7C0E601-CEA5-493D-884D-B8D1ACEF5988}
		{84A48EB9-D16F-4F21-9BAE-1B106B94F26B} = {3251711A-389D-419D-A4B8-73D7E600E334}
		{F2F4B313-6E47-414E-B55A-28E02E4E1CC9} = {27AE1AAD-EDBF-446B-92E7-C19E6D487BC1}
		{4101FDB2-B5B3-4C44-9624-3E9BA7E40CE7} = {39B7A880-7E6B-474C-BBBC-CDD8BBCC488A}
	EndGlobalSection
EndGlobal
