
Microsoft Visual Studio Solution File, Format Version 12.00
# Visual Studio 15
VisualStudioVersion = 15.0.28010.2046
MinimumVisualStudioVersion = 10.0.40219.1
Project("{2150E333-8FDC-42A3-9474-1A3956D46DE8}") = "1. Create Hybrid Test Framework - Interface Contracts", "1. Create Hybrid Test Framework - Interface Contracts", "{D76CEE82-C798-45A7-8B36-3BC9053FD016}"
EndProject
Project("{2150E333-8FDC-42A3-9474-1A3956D46DE8}") = "2. Create Hybrid Test Framework - Selenium Driver Implementation", "2. Create Hybrid Test Framework - Selenium Driver Implementation", "{9B625587-19EF-413A-94E8-1FCB279075D8}"
EndProject
Project("{2150E333-8FDC-42A3-9474-1A3956D46DE8}") = "3. Create Hybrid Test Framework - Selenium Driver Controls", "3. Create Hybrid Test Framework - Selenium Driver Controls", "{A53517FC-4DFB-415A-8C75-D27791611EE3}"
EndProject
Project("{2150E333-8FDC-42A3-9474-1A3956D46DE8}") = "4. Create Hybrid Test Framework - Testing Framework Driver Implementation", "4. Create Hybrid Test Framework - Testing Framework Driver Implementation", "{F4CB2C43-3609-43FC-AFE1-6345FF9397D8}"
EndProject
Project("{2150E333-8FDC-42A3-9474-1A3956D46DE8}") = "5. Create Hybrid Test Framework - Testing Framework Driver Controls", "5. Create Hybrid Test Framework - Testing Framework Driver Controls", "{355484E8-22E6-4B4B-A971-1BAA3E88F169}"
EndProject
Project("{2150E333-8FDC-42A3-9474-1A3956D46DE8}") = "6. Create Hybrid Test Framework - Advanced Element Find Extensions", "6. Create Hybrid Test Framework - Advanced Element Find Extensions", "{0BDBA4BE-F825-4212-9053-A98FE129642D}"
EndProject
Project("{FAE04EC0-301F-11D3-BF4B-00C04F79EFBC}") = "CreateHybridTestFrameworkInterfaceContracts", "CreateHybridTestFrameworkInterfaceContracts\CreateHybridTestFrameworkInterfaceContracts.csproj", "{BB15CEEE-099B-405F-AF99-07FD3A46ACDE}"
EndProject
Project("{FAE04EC0-301F-11D3-BF4B-00C04F79EFBC}") = "SeleniumDriverControls", "SeleniumDriverControls\SeleniumDriverControls.csproj", "{F89091DA-50F2-46DC-9C60-69CFC858320A}"
EndProject
Project("{FAE04EC0-301F-11D3-BF4B-00C04F79EFBC}") = "SeleniumDriverImplementation", "SeleniumDriverImplementation\SeleniumDriverImplementation.csproj", "{476268A6-E9E3-4478-BB77-25EC67DFA1ED}"
EndProject
Project("{FAE04EC0-301F-11D3-BF4B-00C04F79EFBC}") = "TestingFrameworkDriver", "TestingFrameworkDriver\TestingFrameworkDriver.csproj", "{FC72DFA5-685A-47D3-97EA-0B7579FDF16D}"
EndProject
Project("{FAE04EC0-301F-11D3-BF4B-00C04F79EFBC}") = "TestingFrameworkDriverControls", "TestingFrameworkDriverControls\TestingFrameworkDriverControls.csproj", "{A0102498-88B9-4738-9630-E76591F16B9F}"
EndProject
Project("{FAE04EC0-301F-11D3-BF4B-00C04F79EFBC}") = "AdvancedElementFindExtensions", "AdvancedElementFindExtensions\AdvancedElementFindExtensions.csproj", "{843DE4B5-1094-448E-A3BD-25738473EDBE}"
EndProject
Project("{FAE04EC0-301F-11D3-BF4B-00C04F79EFBC}") = "HybridTestFramework.UITests.Core", "HybridTestFramework.UITests.Core\HybridTestFramework.UITests.Core.csproj", "{4161286F-A88A-4770-AC78-9D687A3B2C27}"
EndProject
Project("{FAE04EC0-301F-11D3-BF4B-00C04F79EFBC}") = "HybridTestFramework.UITests.Selenium", "HybridTestFramework.UITests.Selenium\HybridTestFramework.UITests.Selenium.csproj", "{511861B7-5994-4CAE-84D0-DAA38BA5E9B0}"
EndProject
Project("{FAE04EC0-301F-11D3-BF4B-00C04F79EFBC}") = "HybridTestFramework.UITests.TestingFramework", "HybridTestFramework.UITests.TestingFramework\HybridTestFramework.UITests.TestingFramework.csproj", "{678950F3-AA6E-496E-9BC3-DFCF036CB83F}"
EndProject
Project("{FAE04EC0-301F-11D3-BF4B-00C04F79EFBC}") = "HybridTestFramework.UITests.Core.Extensions", "HybridTestFramework.UITests.Core.Extensions\HybridTestFramework.UITests.Core.Extensions.csproj", "{194D01F3-5009-4AFE-8C22-322035C96113}"
EndProject
Project("{2150E333-8FDC-42A3-9474-1A3956D46DE8}") = "7. Create Hybrid Test Framework - Dynamically Configure Execution Engine", "7. Create Hybrid Test Framework - Dynamically Configure Execution Engine", "{BA0481EA-2D24-4AC0-AAA9-2A3328B4390E}"
EndProject
Project("{FAE04EC0-301F-11D3-BF4B-00C04F79EFBC}") = "ConfigureExecutionEngine", "ConfigureExecutionEngine\ConfigureExecutionEngine.csproj", "{D206F827-761D-4FE4-885D-C152C28D9E2F}"
EndProject
Project("{FAE04EC0-301F-11D3-BF4B-00C04F79EFBC}") = "HybridTestFramework.UITests.Core.Behaviours", "HybridTestFramework.UITests.Core.Behaviours\HybridTestFramework.UITests.Core.Behaviours.csproj", "{11376C1A-2F0F-4FCC-A6C7-7EB1DAAA4F02}"
EndProject
Project("{2150E333-8FDC-42A3-9474-1A3956D46DE8}") = "8. Create Video Recording Engine- Use in Automated Tests", "8. Create Video Recording Engine- Use in Automated Tests", "{A418D4D7-E8F7-4252-BFAB-90EC4655F8DC}"
EndProject
Project("{FAE04EC0-301F-11D3-BF4B-00C04F79EFBC}") = "CreateVideoRecordingEngine", "CreateVideoRecordingEngine\CreateVideoRecordingEngine.csproj", "{6C9DE703-AD3E-4EF6-A391-D06330220B96}"
EndProject
Project("{FAE04EC0-301F-11D3-BF4B-00C04F79EFBC}") = "HybridTestFramework.UITests.Core.Utilities", "HybridTestFramework.UITests.Core.Utilities\HybridTestFramework.UITests.Core.Utilities.csproj", "{4799C486-623C-4718-A910-3A3157992E22}"
EndProject
Project("{2150E333-8FDC-42A3-9474-1A3956D46DE8}") = "9. Failed Tests Аnalysis- Chain of Responsibility Design Pattern", "9. Failed Tests Аnalysis- Chain of Responsibility Design Pattern", "{3F5CF6D8-81F5-4418-9864-3B424B502BF7}"
EndProject
Project("{FAE04EC0-301F-11D3-BF4B-00C04F79EFBC}") = "FailedTestsAnalysisChainOfResponsibility", "FailedTestsAnalysisChainOfResponsibility\FailedTestsAnalysisChainOfResponsibility.csproj", "{46B905E2-D259-415D-A688-A73645D9967B}"
EndProject
Project("{2150E333-8FDC-42A3-9474-1A3956D46DE8}") = "10. Failed Tests Аnalysis- Ambient Context Design Pattern", "10. Failed Tests Аnalysis- Ambient Context Design Pattern", "{B4E49DBA-6F45-4CF9-AD9F-ECBEBF2174CC}"
EndProject
Project("{FAE04EC0-301F-11D3-BF4B-00C04F79EFBC}") = "FailedTestsAnalysisAmbientContext", "FailedTestsAnalysisAmbientContext\FailedTestsAnalysisAmbientContext.csproj", "{FAEB1F3C-1147-442E-8606-D1E843E054BD}"
EndProject
Project("{2150E333-8FDC-42A3-9474-1A3956D46DE8}") = "11. Failed Tests Аnalysis - Decorator Design Pattern", "11. Failed Tests Аnalysis - Decorator Design Pattern", "{225C0428-B8B5-4428-BC10-C5D650089014}"
EndProject
Project("{FAE04EC0-301F-11D3-BF4B-00C04F79EFBC}") = "FailedTestsAnalysisDecorator", "FailedTestsAnalysisDecorator\FailedTestsAnalysisDecorator.csproj", "{CB42F5B1-1632-4146-9B5D-334375388C7F}"
EndProject
Project("{FAE04EC0-301F-11D3-BF4B-00C04F79EFBC}") = "HybridTestFramework.Core.Asserts", "HybridTestFramework.UITests.Core.Asserts\HybridTestFramework.Core.Asserts.csproj", "{7FF3F483-BA48-4F18-BC8D-61236425DD37}"
EndProject
Project("{FAE04EC0-301F-11D3-BF4B-00C04F79EFBC}") = "HybridTestFramework.Core.MSTest.Asserts", "HybridTestFramework.Core.MSTest.Asserts\HybridTestFramework.Core.MSTest.Asserts.csproj", "{4B43D128-A267-4396-8C5B-D135EDB27869}"
EndProject
Project("{FAE04EC0-301F-11D3-BF4B-00C04F79EFBC}") = "HybridTestFramework.Core.NUnit.Asserts", "HybridTestFramework.Core.NUnit.Asserts\HybridTestFramework.Core.NUnit.Asserts.csproj", "{65D32E1C-EBA4-46BD-A67C-8967CD2D9A92}"
EndProject
Project("{2150E333-8FDC-42A3-9474-1A3956D46DE8}") = "12. Create Hybrid Test Framework- Abstract Unit Test Framework", "12. Create Hybrid Test Framework- Abstract Unit Test Framework", "{AD04EFBD-47DC-4DDE-8C39-CEEF340C251F}"
EndProject
Project("{FAE04EC0-301F-11D3-BF4B-00C04F79EFBC}") = "AbstractUnitTestFramework", "AbstractUnitTestFramework\AbstractUnitTestFramework.csproj", "{3C45CD8D-064C-4BD5-A1D0-F35C01532C59}"
EndProject
Project("{FAE04EC0-301F-11D3-BF4B-00C04F79EFBC}") = "HybridTestFramework.Core.Behaviours.Contracts", "HybridTestFramework.Core.Behaviours.Contracts\HybridTestFramework.Core.Behaviours.Contracts.csproj", "{041A4CD0-B9D1-4E4A-9DC3-6439C6EE510B}"
EndProject
Project("{2150E333-8FDC-42A3-9474-1A3956D46DE8}") = "13. Create Hybrid Test Framework - Improved Dynamically Configure Execution Engine", "13. Create Hybrid Test Framework - Improved Dynamically Configure Execution Engine", "{FD0CF9F6-7F89-477C-AAE8-EAC64A735E2A}"
EndProject
Project("{FAE04EC0-301F-11D3-BF4B-00C04F79EFBC}") = "ImprovedConfigureExecutionEngine", "ImprovedConfigureExecutionEngine\ImprovedConfigureExecutionEngine.csproj", "{B0B7E430-8C69-447A-96E7-4149F78FE56A}"
EndProject
Project("{2150E333-8FDC-42A3-9474-1A3956D46DE8}") = "14. Write Tests Faster with Visual Studio Code Snippets", "14. Write Tests Faster with Visual Studio Code Snippets", "{79F5F189-3958-4044-91E0-F57CF2D6E0C9}"
EndProject
Project("{FAE04EC0-301F-11D3-BF4B-00C04F79EFBC}") = "VisualStudioCodeSnippets", "VisualStudioCodeSnippets\VisualStudioCodeSnippets.csproj", "{9F727044-C993-4938-AFF5-E2A17539815B}"
EndProject
Project("{2150E333-8FDC-42A3-9474-1A3956D46DE8}") = "15. Create Hybrid Test Framework - Work with Config Files", "15. Create Hybrid Test Framework - Work with Config Files", "{6E548627-CE26-4212-A981-4127E5F7CE21}"
EndProject
Project("{FAE04EC0-301F-11D3-BF4B-00C04F79EFBC}") = "WorkConfigFiles", "WorkConfigFiles\WorkConfigFiles.csproj", "{7CA5E612-3FAF-4E11-AAA0-0ADF9A204EA1}"
EndProject
Project("{2150E333-8FDC-42A3-9474-1A3956D46DE8}") = "16. Full-Stack Test Automation Frameworks- Video Recording on Test Failure", "16. Full-Stack Test Automation Frameworks- Video Recording on Test Failure", "{B23F7A46-C0B3-4E37-9D55-DC536F6EE155}"
EndProject
Project("{9A19103F-16F7-4668-BE54-9A1E7A4F7556}") = "VideoRecordingOnTestFailure", "VideoRecordingOnTestFailure\VideoRecordingOnTestFailure.csproj", "{2E13F53E-951E-41AE-B16D-4AE1F025D3A5}"
EndProject
Project("{2150E333-8FDC-42A3-9474-1A3956D46DE8}") = "17. Highlight Elements on Action- Test Automation Framework Extensibility through Observer Design Pattern", "17. Highlight Elements on Action- Test Automation Framework Extensibility through Observer Design Pattern", "{EC659117-90D0-44C1-81AA-BC43FB1A3129}"
EndProject
Project("{9A19103F-16F7-4668-BE54-9A1E7A4F7556}") = "HighlightElementsOnActionObserverDesignPattern", "HighlightElementsOnActionObserverDesignPattern\HighlightElementsOnActionObserverDesignPattern.csproj", "{F454AE7C-783E-498D-85CC-A5D994D15C2C}"
EndProject
Global
	GlobalSection(SolutionConfigurationPlatforms) = preSolution
		Debug|Any CPU = Debug|Any CPU
		Release|Any CPU = Release|Any CPU
	EndGlobalSection
	GlobalSection(ProjectConfigurationPlatforms) = postSolution
		{BB15CEEE-099B-405F-AF99-07FD3A46ACDE}.Debug|Any CPU.ActiveCfg = Debug|Any CPU
		{BB15CEEE-099B-405F-AF99-07FD3A46ACDE}.Debug|Any CPU.Build.0 = Debug|Any CPU
		{BB15CEEE-099B-405F-AF99-07FD3A46ACDE}.Release|Any CPU.ActiveCfg = Release|Any CPU
		{BB15CEEE-099B-405F-AF99-07FD3A46ACDE}.Release|Any CPU.Build.0 = Release|Any CPU
		{F89091DA-50F2-46DC-9C60-69CFC858320A}.Debug|Any CPU.ActiveCfg = Debug|Any CPU
		{F89091DA-50F2-46DC-9C60-69CFC858320A}.Debug|Any CPU.Build.0 = Debug|Any CPU
		{F89091DA-50F2-46DC-9C60-69CFC858320A}.Release|Any CPU.ActiveCfg = Release|Any CPU
		{F89091DA-50F2-46DC-9C60-69CFC858320A}.Release|Any CPU.Build.0 = Release|Any CPU
		{476268A6-E9E3-4478-BB77-25EC67DFA1ED}.Debug|Any CPU.ActiveCfg = Debug|Any CPU
		{476268A6-E9E3-4478-BB77-25EC67DFA1ED}.Debug|Any CPU.Build.0 = Debug|Any CPU
		{476268A6-E9E3-4478-BB77-25EC67DFA1ED}.Release|Any CPU.ActiveCfg = Release|Any CPU
		{476268A6-E9E3-4478-BB77-25EC67DFA1ED}.Release|Any CPU.Build.0 = Release|Any CPU
		{FC72DFA5-685A-47D3-97EA-0B7579FDF16D}.Debug|Any CPU.ActiveCfg = Debug|Any CPU
		{FC72DFA5-685A-47D3-97EA-0B7579FDF16D}.Debug|Any CPU.Build.0 = Debug|Any CPU
		{FC72DFA5-685A-47D3-97EA-0B7579FDF16D}.Release|Any CPU.ActiveCfg = Release|Any CPU
		{FC72DFA5-685A-47D3-97EA-0B7579FDF16D}.Release|Any CPU.Build.0 = Release|Any CPU
		{A0102498-88B9-4738-9630-E76591F16B9F}.Debug|Any CPU.ActiveCfg = Debug|Any CPU
		{A0102498-88B9-4738-9630-E76591F16B9F}.Debug|Any CPU.Build.0 = Debug|Any CPU
		{A0102498-88B9-4738-9630-E76591F16B9F}.Release|Any CPU.ActiveCfg = Release|Any CPU
		{A0102498-88B9-4738-9630-E76591F16B9F}.Release|Any CPU.Build.0 = Release|Any CPU
		{843DE4B5-1094-448E-A3BD-25738473EDBE}.Debug|Any CPU.ActiveCfg = Debug|Any CPU
		{843DE4B5-1094-448E-A3BD-25738473EDBE}.Debug|Any CPU.Build.0 = Debug|Any CPU
		{843DE4B5-1094-448E-A3BD-25738473EDBE}.Release|Any CPU.ActiveCfg = Release|Any CPU
		{843DE4B5-1094-448E-A3BD-25738473EDBE}.Release|Any CPU.Build.0 = Release|Any CPU
		{4161286F-A88A-4770-AC78-9D687A3B2C27}.Debug|Any CPU.ActiveCfg = Debug|Any CPU
		{4161286F-A88A-4770-AC78-9D687A3B2C27}.Debug|Any CPU.Build.0 = Debug|Any CPU
		{4161286F-A88A-4770-AC78-9D687A3B2C27}.Release|Any CPU.ActiveCfg = Release|Any CPU
		{4161286F-A88A-4770-AC78-9D687A3B2C27}.Release|Any CPU.Build.0 = Release|Any CPU
		{511861B7-5994-4CAE-84D0-DAA38BA5E9B0}.Debug|Any CPU.ActiveCfg = Debug|Any CPU
		{511861B7-5994-4CAE-84D0-DAA38BA5E9B0}.Debug|Any CPU.Build.0 = Debug|Any CPU
		{511861B7-5994-4CAE-84D0-DAA38BA5E9B0}.Release|Any CPU.ActiveCfg = Release|Any CPU
		{511861B7-5994-4CAE-84D0-DAA38BA5E9B0}.Release|Any CPU.Build.0 = Release|Any CPU
		{678950F3-AA6E-496E-9BC3-DFCF036CB83F}.Debug|Any CPU.ActiveCfg = Debug|Any CPU
		{678950F3-AA6E-496E-9BC3-DFCF036CB83F}.Debug|Any CPU.Build.0 = Debug|Any CPU
		{678950F3-AA6E-496E-9BC3-DFCF036CB83F}.Release|Any CPU.ActiveCfg = Release|Any CPU
		{678950F3-AA6E-496E-9BC3-DFCF036CB83F}.Release|Any CPU.Build.0 = Release|Any CPU
		{194D01F3-5009-4AFE-8C22-322035C96113}.Debug|Any CPU.ActiveCfg = Debug|Any CPU
		{194D01F3-5009-4AFE-8C22-322035C96113}.Debug|Any CPU.Build.0 = Debug|Any CPU
		{194D01F3-5009-4AFE-8C22-322035C96113}.Release|Any CPU.ActiveCfg = Release|Any CPU
		{194D01F3-5009-4AFE-8C22-322035C96113}.Release|Any CPU.Build.0 = Release|Any CPU
		{D206F827-761D-4FE4-885D-C152C28D9E2F}.Debug|Any CPU.ActiveCfg = Debug|Any CPU
		{D206F827-761D-4FE4-885D-C152C28D9E2F}.Debug|Any CPU.Build.0 = Debug|Any CPU
		{D206F827-761D-4FE4-885D-C152C28D9E2F}.Release|Any CPU.ActiveCfg = Release|Any CPU
		{D206F827-761D-4FE4-885D-C152C28D9E2F}.Release|Any CPU.Build.0 = Release|Any CPU
		{11376C1A-2F0F-4FCC-A6C7-7EB1DAAA4F02}.Debug|Any CPU.ActiveCfg = Debug|Any CPU
		{11376C1A-2F0F-4FCC-A6C7-7EB1DAAA4F02}.Debug|Any CPU.Build.0 = Debug|Any CPU
		{11376C1A-2F0F-4FCC-A6C7-7EB1DAAA4F02}.Release|Any CPU.ActiveCfg = Release|Any CPU
		{11376C1A-2F0F-4FCC-A6C7-7EB1DAAA4F02}.Release|Any CPU.Build.0 = Release|Any CPU
		{6C9DE703-AD3E-4EF6-A391-D06330220B96}.Debug|Any CPU.ActiveCfg = Debug|Any CPU
		{6C9DE703-AD3E-4EF6-A391-D06330220B96}.Debug|Any CPU.Build.0 = Debug|Any CPU
		{6C9DE703-AD3E-4EF6-A391-D06330220B96}.Release|Any CPU.ActiveCfg = Release|Any CPU
		{6C9DE703-AD3E-4EF6-A391-D06330220B96}.Release|Any CPU.Build.0 = Release|Any CPU
		{4799C486-623C-4718-A910-3A3157992E22}.Debug|Any CPU.ActiveCfg = Debug|Any CPU
		{4799C486-623C-4718-A910-3A3157992E22}.Debug|Any CPU.Build.0 = Debug|Any CPU
		{4799C486-623C-4718-A910-3A3157992E22}.Release|Any CPU.ActiveCfg = Release|Any CPU
		{4799C486-623C-4718-A910-3A3157992E22}.Release|Any CPU.Build.0 = Release|Any CPU
		{46B905E2-D259-415D-A688-A73645D9967B}.Debug|Any CPU.ActiveCfg = Debug|Any CPU
		{46B905E2-D259-415D-A688-A73645D9967B}.Debug|Any CPU.Build.0 = Debug|Any CPU
		{46B905E2-D259-415D-A688-A73645D9967B}.Release|Any CPU.ActiveCfg = Release|Any CPU
		{46B905E2-D259-415D-A688-A73645D9967B}.Release|Any CPU.Build.0 = Release|Any CPU
		{FAEB1F3C-1147-442E-8606-D1E843E054BD}.Debug|Any CPU.ActiveCfg = Debug|Any CPU
		{FAEB1F3C-1147-442E-8606-D1E843E054BD}.Debug|Any CPU.Build.0 = Debug|Any CPU
		{FAEB1F3C-1147-442E-8606-D1E843E054BD}.Release|Any CPU.ActiveCfg = Release|Any CPU
		{FAEB1F3C-1147-442E-8606-D1E843E054BD}.Release|Any CPU.Build.0 = Release|Any CPU
		{CB42F5B1-1632-4146-9B5D-334375388C7F}.Debug|Any CPU.ActiveCfg = Debug|Any CPU
		{CB42F5B1-1632-4146-9B5D-334375388C7F}.Debug|Any CPU.Build.0 = Debug|Any CPU
		{CB42F5B1-1632-4146-9B5D-334375388C7F}.Release|Any CPU.ActiveCfg = Release|Any CPU
		{CB42F5B1-1632-4146-9B5D-334375388C7F}.Release|Any CPU.Build.0 = Release|Any CPU
		{7FF3F483-BA48-4F18-BC8D-61236425DD37}.Debug|Any CPU.ActiveCfg = Debug|Any CPU
		{7FF3F483-BA48-4F18-BC8D-61236425DD37}.Debug|Any CPU.Build.0 = Debug|Any CPU
		{7FF3F483-BA48-4F18-BC8D-61236425DD37}.Release|Any CPU.ActiveCfg = Release|Any CPU
		{7FF3F483-BA48-4F18-BC8D-61236425DD37}.Release|Any CPU.Build.0 = Release|Any CPU
		{4B43D128-A267-4396-8C5B-D135EDB27869}.Debug|Any CPU.ActiveCfg = Debug|Any CPU
		{4B43D128-A267-4396-8C5B-D135EDB27869}.Debug|Any CPU.Build.0 = Debug|Any CPU
		{4B43D128-A267-4396-8C5B-D135EDB27869}.Release|Any CPU.ActiveCfg = Release|Any CPU
		{4B43D128-A267-4396-8C5B-D135EDB27869}.Release|Any CPU.Build.0 = Release|Any CPU
		{65D32E1C-EBA4-46BD-A67C-8967CD2D9A92}.Debug|Any CPU.ActiveCfg = Debug|Any CPU
		{65D32E1C-EBA4-46BD-A67C-8967CD2D9A92}.Debug|Any CPU.Build.0 = Debug|Any CPU
		{65D32E1C-EBA4-46BD-A67C-8967CD2D9A92}.Release|Any CPU.ActiveCfg = Release|Any CPU
		{65D32E1C-EBA4-46BD-A67C-8967CD2D9A92}.Release|Any CPU.Build.0 = Release|Any CPU
		{3C45CD8D-064C-4BD5-A1D0-F35C01532C59}.Debug|Any CPU.ActiveCfg = Debug|Any CPU
		{3C45CD8D-064C-4BD5-A1D0-F35C01532C59}.Debug|Any CPU.Build.0 = Debug|Any CPU
		{3C45CD8D-064C-4BD5-A1D0-F35C01532C59}.Release|Any CPU.ActiveCfg = Release|Any CPU
		{3C45CD8D-064C-4BD5-A1D0-F35C01532C59}.Release|Any CPU.Build.0 = Release|Any CPU
		{041A4CD0-B9D1-4E4A-9DC3-6439C6EE510B}.Debug|Any CPU.ActiveCfg = Debug|Any CPU
		{041A4CD0-B9D1-4E4A-9DC3-6439C6EE510B}.Debug|Any CPU.Build.0 = Debug|Any CPU
		{041A4CD0-B9D1-4E4A-9DC3-6439C6EE510B}.Release|Any CPU.ActiveCfg = Release|Any CPU
		{041A4CD0-B9D1-4E4A-9DC3-6439C6EE510B}.Release|Any CPU.Build.0 = Release|Any CPU
		{B0B7E430-8C69-447A-96E7-4149F78FE56A}.Debug|Any CPU.ActiveCfg = Debug|Any CPU
		{B0B7E430-8C69-447A-96E7-4149F78FE56A}.Debug|Any CPU.Build.0 = Debug|Any CPU
		{B0B7E430-8C69-447A-96E7-4149F78FE56A}.Release|Any CPU.ActiveCfg = Release|Any CPU
		{B0B7E430-8C69-447A-96E7-4149F78FE56A}.Release|Any CPU.Build.0 = Release|Any CPU
		{9F727044-C993-4938-AFF5-E2A17539815B}.Debug|Any CPU.ActiveCfg = Debug|Any CPU
		{9F727044-C993-4938-AFF5-E2A17539815B}.Debug|Any CPU.Build.0 = Debug|Any CPU
		{9F727044-C993-4938-AFF5-E2A17539815B}.Release|Any CPU.ActiveCfg = Release|Any CPU
		{9F727044-C993-4938-AFF5-E2A17539815B}.Release|Any CPU.Build.0 = Release|Any CPU
		{7CA5E612-3FAF-4E11-AAA0-0ADF9A204EA1}.Debug|Any CPU.ActiveCfg = Debug|Any CPU
		{7CA5E612-3FAF-4E11-AAA0-0ADF9A204EA1}.Debug|Any CPU.Build.0 = Debug|Any CPU
		{7CA5E612-3FAF-4E11-AAA0-0ADF9A204EA1}.Release|Any CPU.ActiveCfg = Release|Any CPU
		{7CA5E612-3FAF-4E11-AAA0-0ADF9A204EA1}.Release|Any CPU.Build.0 = Release|Any CPU
		{2E13F53E-951E-41AE-B16D-4AE1F025D3A5}.Debug|Any CPU.ActiveCfg = Debug|Any CPU
		{2E13F53E-951E-41AE-B16D-4AE1F025D3A5}.Debug|Any CPU.Build.0 = Debug|Any CPU
		{2E13F53E-951E-41AE-B16D-4AE1F025D3A5}.Release|Any CPU.ActiveCfg = Release|Any CPU
		{2E13F53E-951E-41AE-B16D-4AE1F025D3A5}.Release|Any CPU.Build.0 = Release|Any CPU
		{F454AE7C-783E-498D-85CC-A5D994D15C2C}.Debug|Any CPU.ActiveCfg = Debug|Any CPU
		{F454AE7C-783E-498D-85CC-A5D994D15C2C}.Debug|Any CPU.Build.0 = Debug|Any CPU
		{F454AE7C-783E-498D-85CC-A5D994D15C2C}.Release|Any CPU.ActiveCfg = Release|Any CPU
		{F454AE7C-783E-498D-85CC-A5D994D15C2C}.Release|Any CPU.Build.0 = Release|Any CPU
	EndGlobalSection
	GlobalSection(SolutionProperties) = preSolution
		HideSolutionNode = FALSE
	EndGlobalSection
	GlobalSection(NestedProjects) = preSolution
		{BB15CEEE-099B-405F-AF99-07FD3A46ACDE} = {D76CEE82-C798-45A7-8B36-3BC9053FD016}
		{F89091DA-50F2-46DC-9C60-69CFC858320A} = {A53517FC-4DFB-415A-8C75-D27791611EE3}
		{476268A6-E9E3-4478-BB77-25EC67DFA1ED} = {9B625587-19EF-413A-94E8-1FCB279075D8}
		{FC72DFA5-685A-47D3-97EA-0B7579FDF16D} = {F4CB2C43-3609-43FC-AFE1-6345FF9397D8}
		{A0102498-88B9-4738-9630-E76591F16B9F} = {355484E8-22E6-4B4B-A971-1BAA3E88F169}
		{843DE4B5-1094-448E-A3BD-25738473EDBE} = {0BDBA4BE-F825-4212-9053-A98FE129642D}
		{D206F827-761D-4FE4-885D-C152C28D9E2F} = {BA0481EA-2D24-4AC0-AAA9-2A3328B4390E}
		{6C9DE703-AD3E-4EF6-A391-D06330220B96} = {A418D4D7-E8F7-4252-BFAB-90EC4655F8DC}
		{46B905E2-D259-415D-A688-A73645D9967B} = {3F5CF6D8-81F5-4418-9864-3B424B502BF7}
		{FAEB1F3C-1147-442E-8606-D1E843E054BD} = {B4E49DBA-6F45-4CF9-AD9F-ECBEBF2174CC}
		{CB42F5B1-1632-4146-9B5D-334375388C7F} = {225C0428-B8B5-4428-BC10-C5D650089014}
		{3C45CD8D-064C-4BD5-A1D0-F35C01532C59} = {AD04EFBD-47DC-4DDE-8C39-CEEF340C251F}
		{B0B7E430-8C69-447A-96E7-4149F78FE56A} = {FD0CF9F6-7F89-477C-AAE8-EAC64A735E2A}
		{9F727044-C993-4938-AFF5-E2A17539815B} = {79F5F189-3958-4044-91E0-F57CF2D6E0C9}
		{7CA5E612-3FAF-4E11-AAA0-0ADF9A204EA1} = {6E548627-CE26-4212-A981-4127E5F7CE21}
		{2E13F53E-951E-41AE-B16D-4AE1F025D3A5} = {B23F7A46-C0B3-4E37-9D55-DC536F6EE155}
		{F454AE7C-783E-498D-85CC-A5D994D15C2C} = {EC659117-90D0-44C1-81AA-BC43FB1A3129}
	EndGlobalSection
	GlobalSection(ExtensibilityGlobals) = postSolution
		SolutionGuid = {1238C8D3-7A2C-4B78-82C8-692EE104B785}
	EndGlobalSection
EndGlobal
