
Microsoft Visual Studio Solution File, Format Version 12.00
# Visual Studio 2012
Project("{FAE04EC0-301F-11D3-BF4B-00C04F79EFBC}") = "AAngelov.Utilities", "AAngelov.Utilities\AAngelov.Utilities.csproj", "{6649BE16-8E52-47CE-A870-6B2C9DE35BD8}"
EndProject
Project("{FAE04EC0-301F-11D3-BF4B-00C04F79EFBC}") = "TestConfigModificator.Console", "TestConfigModificator.Console\TestConfigModificator.Console.csproj", "{B8F5AE02-42CB-491E-B875-83B763E7008E}"
EndProject
Project("{FAE04EC0-301F-11D3-BF4B-00C04F79EFBC}") = "AAngelov.Utilities.UI", "AAngelov.Utilities.UI\AAngelov.Utilities.UI.csproj", "{C547F875-DB0A-41B6-8C42-10FBC1EDF711}"
EndProject
Project("{FAE04EC0-301F-11D3-BF4B-00C04F79EFBC}") = "YouTube.SDK", "YouTube.SDK\YouTube.SDK.csproj", "{7948A905-277F-4AA0-9449-C6BC8EBA464C}"
EndProject
Project("{FAE04EC0-301F-11D3-BF4B-00C04F79EFBC}") = "AAngelov.Utilities.Test", "AAngelov.Utilities.Test\AAngelov.Utilities.Test.csproj", "{2FBA5AE6-D8EC-4D31-928E-54199A147ACD}"
EndProject
Project("{FAE04EC0-301F-11D3-BF4B-00C04F79EFBC}") = "AutoMapper.Console.Tester", "AutoMapper.Console.Tester\AutoMapper.Console.Tester.csproj", "{A87B494E-C59E-4418-939C-12936384752C}"
EndProject
Global
	GlobalSection(SolutionConfigurationPlatforms) = preSolution
		Debug|Any CPU = Debug|Any CPU
		Release|Any CPU = Release|Any CPU
	EndGlobalSection
	GlobalSection(ProjectConfigurationPlatforms) = postSolution
		{6649BE16-8E52-47CE-A870-6B2C9DE35BD8}.Debug|Any CPU.ActiveCfg = Debug|Any CPU
		{6649BE16-8E52-47CE-A870-6B2C9DE35BD8}.Debug|Any CPU.Build.0 = Debug|Any CPU
		{6649BE16-8E52-47CE-A870-6B2C9DE35BD8}.Release|Any CPU.ActiveCfg = Release|Any CPU
		{6649BE16-8E52-47CE-A870-6B2C9DE35BD8}.Release|Any CPU.Build.0 = Release|Any CPU
		{B8F5AE02-42CB-491E-B875-83B763E7008E}.Debug|Any CPU.ActiveCfg = Debug|Any CPU
		{B8F5AE02-42CB-491E-B875-83B763E7008E}.Debug|Any CPU.Build.0 = Debug|Any CPU
		{B8F5AE02-42CB-491E-B875-83B763E7008E}.Release|Any CPU.ActiveCfg = Release|Any CPU
		{B8F5AE02-42CB-491E-B875-83B763E7008E}.Release|Any CPU.Build.0 = Release|Any CPU
		{C547F875-DB0A-41B6-8C42-10FBC1EDF711}.Debug|Any CPU.ActiveCfg = Debug|Any CPU
		{C547F875-DB0A-41B6-8C42-10FBC1EDF711}.Debug|Any CPU.Build.0 = Debug|Any CPU
		{C547F875-DB0A-41B6-8C42-10FBC1EDF711}.Release|Any CPU.ActiveCfg = Release|Any CPU
		{C547F875-DB0A-41B6-8C42-10FBC1EDF711}.Release|Any CPU.Build.0 = Release|Any CPU
		{7948A905-277F-4AA0-9449-C6BC8EBA464C}.Debug|Any CPU.ActiveCfg = Debug|Any CPU
		{7948A905-277F-4AA0-9449-C6BC8EBA464C}.Debug|Any CPU.Build.0 = Debug|Any CPU
		{7948A905-277F-4AA0-9449-C6BC8EBA464C}.Release|Any CPU.ActiveCfg = Release|Any CPU
		{7948A905-277F-4AA0-9449-C6BC8EBA464C}.Release|Any CPU.Build.0 = Release|Any CPU
		{2FBA5AE6-D8EC-4D31-928E-54199A147ACD}.Debug|Any CPU.ActiveCfg = Debug|Any CPU
		{2FBA5AE6-D8EC-4D31-928E-54199A147ACD}.Debug|Any CPU.Build.0 = Debug|Any CPU
		{2FBA5AE6-D8EC-4D31-928E-54199A147ACD}.Release|Any CPU.ActiveCfg = Release|Any CPU
		{2FBA5AE6-D8EC-4D31-928E-54199A147ACD}.Release|Any CPU.Build.0 = Release|Any CPU
		{A87B494E-C59E-4418-939C-12936384752C}.Debug|Any CPU.ActiveCfg = Debug|Any CPU
		{A87B494E-C59E-4418-939C-12936384752C}.Debug|Any CPU.Build.0 = Debug|Any CPU
		{A87B494E-C59E-4418-939C-12936384752C}.Release|Any CPU.ActiveCfg = Release|Any CPU
		{A87B494E-C59E-4418-939C-12936384752C}.Release|Any CPU.Build.0 = Release|Any CPU
	EndGlobalSection
	GlobalSection(SolutionProperties) = preSolution
		HideSolutionNode = FALSE
	EndGlobalSection
EndGlobal
